// !$*UTF8*$!
{
	archiveVersion = 1;
	classes = {
	};
	objectVersion = 50;
	objects = {

/* Begin PBXBuildFile section */
		22F653F824EBF465003CEED1 /* AppDelegate.swift in Sources */ = {isa = PBXBuildFile; fileRef = 22F653F724EBF465003CEED1 /* AppDelegate.swift */; };
		22F653FA24EBF465003CEED1 /* SceneDelegate.swift in Sources */ = {isa = PBXBuildFile; fileRef = 22F653F924EBF465003CEED1 /* SceneDelegate.swift */; };
		22F653FC24EBF465003CEED1 /* CitiesViewController.swift in Sources */ = {isa = PBXBuildFile; fileRef = 22F653FB24EBF465003CEED1 /* CitiesViewController.swift */; };
		22F6540124EBF46B003CEED1 /* Assets.xcassets in Resources */ = {isa = PBXBuildFile; fileRef = 22F6540024EBF46B003CEED1 /* Assets.xcassets */; };
		22F6540424EBF46B003CEED1 /* LaunchScreen.storyboard in Resources */ = {isa = PBXBuildFile; fileRef = 22F6540224EBF46B003CEED1 /* LaunchScreen.storyboard */; };
		22F6540C24EBFB0A003CEED1 /* city.list.json in Resources */ = {isa = PBXBuildFile; fileRef = 22F6540B24EBFB0A003CEED1 /* city.list.json */; };
		22F6540F24EBFC55003CEED1 /* CityModel.swift in Sources */ = {isa = PBXBuildFile; fileRef = 22F6540E24EBFC55003CEED1 /* CityModel.swift */; };
		22F6541224EC0046003CEED1 /* NetworkService.swift in Sources */ = {isa = PBXBuildFile; fileRef = 22F6541124EC0046003CEED1 /* NetworkService.swift */; };
		22F6541424EC0FD6003CEED1 /* CitiesViewModel.swift in Sources */ = {isa = PBXBuildFile; fileRef = 22F6541324EC0FD6003CEED1 /* CitiesViewModel.swift */; };
		22F6541724EC5456003CEED1 /* CitiesTableViewCell.swift in Sources */ = {isa = PBXBuildFile; fileRef = 22F6541624EC5455003CEED1 /* CitiesTableViewCell.swift */; };
		22F6541D24ECFE47003CEED1 /* WeatherViewController.swift in Sources */ = {isa = PBXBuildFile; fileRef = 22F6541C24ECFE46003CEED1 /* WeatherViewController.swift */; };
		22F6542224ED47D6003CEED1 /* WeatherModel.swift in Sources */ = {isa = PBXBuildFile; fileRef = 22F6542124ED47D6003CEED1 /* WeatherModel.swift */; };
		22F6542424ED4F0D003CEED1 /* WeatherViewModel.swift in Sources */ = {isa = PBXBuildFile; fileRef = 22F6542324ED4F0D003CEED1 /* WeatherViewModel.swift */; };
		22F6542824EDA10F003CEED1 /* AppCoordinator.swift in Sources */ = {isa = PBXBuildFile; fileRef = 22F6542724EDA10F003CEED1 /* AppCoordinator.swift */; };
		22F6542A24EDA518003CEED1 /* CitiesCoordinator.swift in Sources */ = {isa = PBXBuildFile; fileRef = 22F6542924EDA518003CEED1 /* CitiesCoordinator.swift */; };
		22F6542C24EDAEF4003CEED1 /* WeatherCoordinator.swift in Sources */ = {isa = PBXBuildFile; fileRef = 22F6542B24EDAEF4003CEED1 /* WeatherCoordinator.swift */; };
		22F6542F24EE719F003CEED1 /* URLRequestService.swift in Sources */ = {isa = PBXBuildFile; fileRef = 22F6542E24EE719F003CEED1 /* URLRequestService.swift */; };
		22F6543124EFD563003CEED1 /* WeatherTableViewCell.swift in Sources */ = {isa = PBXBuildFile; fileRef = 22F6543024EFD563003CEED1 /* WeatherTableViewCell.swift */; };
/* End PBXBuildFile section */

/* Begin PBXFileReference section */
		22F653F424EBF465003CEED1 /* Weather.app */ = {isa = PBXFileReference; explicitFileType = wrapper.application; includeInIndex = 0; path = Weather.app; sourceTree = BUILT_PRODUCTS_DIR; };
		22F653F724EBF465003CEED1 /* AppDelegate.swift */ = {isa = PBXFileReference; lastKnownFileType = sourcecode.swift; path = AppDelegate.swift; sourceTree = "<group>"; };
		22F653F924EBF465003CEED1 /* SceneDelegate.swift */ = {isa = PBXFileReference; lastKnownFileType = sourcecode.swift; path = SceneDelegate.swift; sourceTree = "<group>"; };
		22F653FB24EBF465003CEED1 /* CitiesViewController.swift */ = {isa = PBXFileReference; lastKnownFileType = sourcecode.swift; path = CitiesViewController.swift; sourceTree = "<group>"; };
		22F6540024EBF46B003CEED1 /* Assets.xcassets */ = {isa = PBXFileReference; lastKnownFileType = folder.assetcatalog; path = Assets.xcassets; sourceTree = "<group>"; };
		22F6540324EBF46B003CEED1 /* Base */ = {isa = PBXFileReference; lastKnownFileType = file.storyboard; name = Base; path = Base.lproj/LaunchScreen.storyboard; sourceTree = "<group>"; };
		22F6540524EBF46B003CEED1 /* Info.plist */ = {isa = PBXFileReference; lastKnownFileType = text.plist.xml; path = Info.plist; sourceTree = "<group>"; };
		22F6540B24EBFB0A003CEED1 /* city.list.json */ = {isa = PBXFileReference; fileEncoding = 4; lastKnownFileType = text.json; path = city.list.json; sourceTree = "<group>"; };
		22F6540E24EBFC55003CEED1 /* CityModel.swift */ = {isa = PBXFileReference; lastKnownFileType = sourcecode.swift; path = CityModel.swift; sourceTree = "<group>"; };
		22F6541124EC0046003CEED1 /* NetworkService.swift */ = {isa = PBXFileReference; lastKnownFileType = sourcecode.swift; path = NetworkService.swift; sourceTree = "<group>"; };
		22F6541324EC0FD6003CEED1 /* CitiesViewModel.swift */ = {isa = PBXFileReference; lastKnownFileType = sourcecode.swift; path = CitiesViewModel.swift; sourceTree = "<group>"; };
		22F6541624EC5455003CEED1 /* CitiesTableViewCell.swift */ = {isa = PBXFileReference; lastKnownFileType = sourcecode.swift; path = CitiesTableViewCell.swift; sourceTree = "<group>"; };
		22F6541C24ECFE46003CEED1 /* WeatherViewController.swift */ = {isa = PBXFileReference; lastKnownFileType = sourcecode.swift; path = WeatherViewController.swift; sourceTree = "<group>"; };
		22F6542124ED47D6003CEED1 /* WeatherModel.swift */ = {isa = PBXFileReference; lastKnownFileType = sourcecode.swift; path = WeatherModel.swift; sourceTree = "<group>"; };
		22F6542324ED4F0D003CEED1 /* WeatherViewModel.swift */ = {isa = PBXFileReference; lastKnownFileType = sourcecode.swift; path = WeatherViewModel.swift; sourceTree = "<group>"; };
		22F6542724EDA10F003CEED1 /* AppCoordinator.swift */ = {isa = PBXFileReference; lastKnownFileType = sourcecode.swift; path = AppCoordinator.swift; sourceTree = "<group>"; };
		22F6542924EDA518003CEED1 /* CitiesCoordinator.swift */ = {isa = PBXFileReference; lastKnownFileType = sourcecode.swift; path = CitiesCoordinator.swift; sourceTree = "<group>"; };
		22F6542B24EDAEF4003CEED1 /* WeatherCoordinator.swift */ = {isa = PBXFileReference; lastKnownFileType = sourcecode.swift; path = WeatherCoordinator.swift; sourceTree = "<group>"; };
		22F6542E24EE719F003CEED1 /* URLRequestService.swift */ = {isa = PBXFileReference; lastKnownFileType = sourcecode.swift; path = URLRequestService.swift; sourceTree = "<group>"; };
		22F6543024EFD563003CEED1 /* WeatherTableViewCell.swift */ = {isa = PBXFileReference; lastKnownFileType = sourcecode.swift; path = WeatherTableViewCell.swift; sourceTree = "<group>"; };
/* End PBXFileReference section */

/* Begin PBXFrameworksBuildPhase section */
		22F653F124EBF465003CEED1 /* Frameworks */ = {
			isa = PBXFrameworksBuildPhase;
			buildActionMask = 2147483647;
			files = (
			);
			runOnlyForDeploymentPostprocessing = 0;
		};
/* End PBXFrameworksBuildPhase section */

/* Begin PBXGroup section */
		22F653EB24EBF465003CEED1 = {
			isa = PBXGroup;
			children = (
				22F653F624EBF465003CEED1 /* Weather */,
				22F653F524EBF465003CEED1 /* Products */,
			);
			sourceTree = "<group>";
		};
		22F653F524EBF465003CEED1 /* Products */ = {
			isa = PBXGroup;
			children = (
				22F653F424EBF465003CEED1 /* Weather.app */,
			);
			name = Products;
			sourceTree = "<group>";
		};
		22F653F624EBF465003CEED1 /* Weather */ = {
			isa = PBXGroup;
			children = (
				22F653F724EBF465003CEED1 /* AppDelegate.swift */,
				22F653F924EBF465003CEED1 /* SceneDelegate.swift */,
				22F6542D24EE5A9D003CEED1 /* Coordinators */,
				22F6542624EDA0E1003CEED1 /* Services */,
				22F6541024EC001F003CEED1 /* Models */,
				22F6540D24EBFC27003CEED1 /* Views */,
				22F6541524EC0FDC003CEED1 /* ViewModels */,
				22F6542524EDA0A5003CEED1 /* Cells */,
				22F6540024EBF46B003CEED1 /* Assets.xcassets */,
				22F6540224EBF46B003CEED1 /* LaunchScreen.storyboard */,
				22F6540524EBF46B003CEED1 /* Info.plist */,
				22F6540B24EBFB0A003CEED1 /* city.list.json */,
			);
			path = Weather;
			sourceTree = "<group>";
		};
		22F6540D24EBFC27003CEED1 /* Views */ = {
			isa = PBXGroup;
			children = (
				22F653FB24EBF465003CEED1 /* CitiesViewController.swift */,
				22F6541C24ECFE46003CEED1 /* WeatherViewController.swift */,
			);
			path = Views;
			sourceTree = "<group>";
		};
		22F6541024EC001F003CEED1 /* Models */ = {
			isa = PBXGroup;
			children = (
				22F6540E24EBFC55003CEED1 /* CityModel.swift */,
				22F6542124ED47D6003CEED1 /* WeatherModel.swift */,
			);
			path = Models;
			sourceTree = "<group>";
		};
		22F6541524EC0FDC003CEED1 /* ViewModels */ = {
			isa = PBXGroup;
			children = (
				22F6541324EC0FD6003CEED1 /* CitiesViewModel.swift */,
				22F6542324ED4F0D003CEED1 /* WeatherViewModel.swift */,
			);
			path = ViewModels;
			sourceTree = "<group>";
		};
		22F6542524EDA0A5003CEED1 /* Cells */ = {
			isa = PBXGroup;
			children = (
				22F6541624EC5455003CEED1 /* CitiesTableViewCell.swift */,
				22F6543024EFD563003CEED1 /* WeatherTableViewCell.swift */,
			);
			path = Cells;
			sourceTree = "<group>";
		};
		22F6542624EDA0E1003CEED1 /* Services */ = {
			isa = PBXGroup;
			children = (
				22F6541124EC0046003CEED1 /* NetworkService.swift */,
				22F6542E24EE719F003CEED1 /* URLRequestService.swift */,
			);
			path = Services;
			sourceTree = "<group>";
		};
		22F6542D24EE5A9D003CEED1 /* Coordinators */ = {
			isa = PBXGroup;
			children = (
				22F6542724EDA10F003CEED1 /* AppCoordinator.swift */,
				22F6542924EDA518003CEED1 /* CitiesCoordinator.swift */,
				22F6542B24EDAEF4003CEED1 /* WeatherCoordinator.swift */,
			);
			path = Coordinators;
			sourceTree = "<group>";
		};
/* End PBXGroup section */

/* Begin PBXNativeTarget section */
		22F653F324EBF465003CEED1 /* Weather */ = {
			isa = PBXNativeTarget;
			buildConfigurationList = 22F6540824EBF46B003CEED1 /* Build configuration list for PBXNativeTarget "Weather" */;
			buildPhases = (
				22F653F024EBF465003CEED1 /* Sources */,
				22F653F124EBF465003CEED1 /* Frameworks */,
				22F653F224EBF465003CEED1 /* Resources */,
			);
			buildRules = (
			);
			dependencies = (
			);
			name = Weather;
			productName = Weather;
			productReference = 22F653F424EBF465003CEED1 /* Weather.app */;
			productType = "com.apple.product-type.application";
		};
/* End PBXNativeTarget section */

/* Begin PBXProject section */
		22F653EC24EBF465003CEED1 /* Project object */ = {
			isa = PBXProject;
			attributes = {
				LastSwiftUpdateCheck = 1160;
				LastUpgradeCheck = 1160;
				ORGANIZATIONNAME = "Копаницкий Сергей";
				TargetAttributes = {
					22F653F324EBF465003CEED1 = {
						CreatedOnToolsVersion = 11.6;
					};
				};
			};
			buildConfigurationList = 22F653EF24EBF465003CEED1 /* Build configuration list for PBXProject "Weather" */;
			compatibilityVersion = "Xcode 9.3";
			developmentRegion = en;
			hasScannedForEncodings = 0;
			knownRegions = (
				en,
				Base,
			);
			mainGroup = 22F653EB24EBF465003CEED1;
			productRefGroup = 22F653F524EBF465003CEED1 /* Products */;
			projectDirPath = "";
			projectRoot = "";
			targets = (
				22F653F324EBF465003CEED1 /* Weather */,
			);
		};
/* End PBXProject section */

/* Begin PBXResourcesBuildPhase section */
		22F653F224EBF465003CEED1 /* Resources */ = {
			isa = PBXResourcesBuildPhase;
			buildActionMask = 2147483647;
			files = (
				22F6540424EBF46B003CEED1 /* LaunchScreen.storyboard in Resources */,
				22F6540124EBF46B003CEED1 /* Assets.xcassets in Resources */,
				22F6540C24EBFB0A003CEED1 /* city.list.json in Resources */,
			);
			runOnlyForDeploymentPostprocessing = 0;
		};
/* End PBXResourcesBuildPhase section */

/* Begin PBXSourcesBuildPhase section */
		22F653F024EBF465003CEED1 /* Sources */ = {
			isa = PBXSourcesBuildPhase;
			buildActionMask = 2147483647;
			files = (
				22F6543124EFD563003CEED1 /* WeatherTableViewCell.swift in Sources */,
				22F6541224EC0046003CEED1 /* NetworkService.swift in Sources */,
				22F6542424ED4F0D003CEED1 /* WeatherViewModel.swift in Sources */,
				22F6542824EDA10F003CEED1 /* AppCoordinator.swift in Sources */,
				22F6542A24EDA518003CEED1 /* CitiesCoordinator.swift in Sources */,
				22F6541D24ECFE47003CEED1 /* WeatherViewController.swift in Sources */,
				22F6542C24EDAEF4003CEED1 /* WeatherCoordinator.swift in Sources */,
				22F6541424EC0FD6003CEED1 /* CitiesViewModel.swift in Sources */,
				22F6542F24EE719F003CEED1 /* URLRequestService.swift in Sources */,
				22F6540F24EBFC55003CEED1 /* CityModel.swift in Sources */,
				22F653FC24EBF465003CEED1 /* CitiesViewController.swift in Sources */,
				22F653F824EBF465003CEED1 /* AppDelegate.swift in Sources */,
				22F6541724EC5456003CEED1 /* CitiesTableViewCell.swift in Sources */,
				22F653FA24EBF465003CEED1 /* SceneDelegate.swift in Sources */,
				22F6542224ED47D6003CEED1 /* WeatherModel.swift in Sources */,
			);
			runOnlyForDeploymentPostprocessing = 0;
		};
/* End PBXSourcesBuildPhase section */

/* Begin PBXVariantGroup section */
		22F6540224EBF46B003CEED1 /* LaunchScreen.storyboard */ = {
			isa = PBXVariantGroup;
			children = (
				22F6540324EBF46B003CEED1 /* Base */,
			);
			name = LaunchScreen.storyboard;
			sourceTree = "<group>";
		};
/* End PBXVariantGroup section */

/* Begin XCBuildConfiguration section */
		22F6540624EBF46B003CEED1 /* Debug */ = {
			isa = XCBuildConfiguration;
			buildSettings = {
				ALWAYS_SEARCH_USER_PATHS = NO;
				CLANG_ANALYZER_NONNULL = YES;
				CLANG_ANALYZER_NUMBER_OBJECT_CONVERSION = YES_AGGRESSIVE;
				CLANG_CXX_LANGUAGE_STANDARD = "gnu++14";
				CLANG_CXX_LIBRARY = "libc++";
				CLANG_ENABLE_MODULES = YES;
				CLANG_ENABLE_OBJC_ARC = YES;
				CLANG_ENABLE_OBJC_WEAK = YES;
				CLANG_WARN_BLOCK_CAPTURE_AUTORELEASING = YES;
				CLANG_WARN_BOOL_CONVERSION = YES;
				CLANG_WARN_COMMA = YES;
				CLANG_WARN_CONSTANT_CONVERSION = YES;
				CLANG_WARN_DEPRECATED_OBJC_IMPLEMENTATIONS = YES;
				CLANG_WARN_DIRECT_OBJC_ISA_USAGE = YES_ERROR;
				CLANG_WARN_DOCUMENTATION_COMMENTS = YES;
				CLANG_WARN_EMPTY_BODY = YES;
				CLANG_WARN_ENUM_CONVERSION = YES;
				CLANG_WARN_INFINITE_RECURSION = YES;
				CLANG_WARN_INT_CONVERSION = YES;
				CLANG_WARN_NON_LITERAL_NULL_CONVERSION = YES;
				CLANG_WARN_OBJC_IMPLICIT_RETAIN_SELF = YES;
				CLANG_WARN_OBJC_LITERAL_CONVERSION = YES;
				CLANG_WARN_OBJC_ROOT_CLASS = YES_ERROR;
				CLANG_WARN_RANGE_LOOP_ANALYSIS = YES;
				CLANG_WARN_STRICT_PROTOTYPES = YES;
				CLANG_WARN_SUSPICIOUS_MOVE = YES;
				CLANG_WARN_UNGUARDED_AVAILABILITY = YES_AGGRESSIVE;
				CLANG_WARN_UNREACHABLE_CODE = YES;
				CLANG_WARN__DUPLICATE_METHOD_MATCH = YES;
				COPY_PHASE_STRIP = NO;
				DEBUG_INFORMATION_FORMAT = dwarf;
				ENABLE_STRICT_OBJC_MSGSEND = YES;
				ENABLE_TESTABILITY = YES;
				GCC_C_LANGUAGE_STANDARD = gnu11;
				GCC_DYNAMIC_NO_PIC = NO;
				GCC_NO_COMMON_BLOCKS = YES;
				GCC_OPTIMIZATION_LEVEL = 0;
				GCC_PREPROCESSOR_DEFINITIONS = (
					"DEBUG=1",
					"$(inherited)",
				);
				GCC_WARN_64_TO_32_BIT_CONVERSION = YES;
				GCC_WARN_ABOUT_RETURN_TYPE = YES_ERROR;
				GCC_WARN_UNDECLARED_SELECTOR = YES;
				GCC_WARN_UNINITIALIZED_AUTOS = YES_AGGRESSIVE;
				GCC_WARN_UNUSED_FUNCTION = YES;
				GCC_WARN_UNUSED_VARIABLE = YES;
				IPHONEOS_DEPLOYMENT_TARGET = 13.6;
				MTL_ENABLE_DEBUG_INFO = INCLUDE_SOURCE;
				MTL_FAST_MATH = YES;
				ONLY_ACTIVE_ARCH = YES;
				SDKROOT = iphoneos;
				SWIFT_ACTIVE_COMPILATION_CONDITIONS = DEBUG;
				SWIFT_OPTIMIZATION_LEVEL = "-Onone";
			};
			name = Debug;
		};
		22F6540724EBF46B003CEED1 /* Release */ = {
			isa = XCBuildConfiguration;
			buildSettings = {
				ALWAYS_SEARCH_USER_PATHS = NO;
				CLANG_ANALYZER_NONNULL = YES;
				CLANG_ANALYZER_NUMBER_OBJECT_CONVERSION = YES_AGGRESSIVE;
				CLANG_CXX_LANGUAGE_STANDARD = "gnu++14";
				CLANG_CXX_LIBRARY = "libc++";
				CLANG_ENABLE_MODULES = YES;
				CLANG_ENABLE_OBJC_ARC = YES;
				CLANG_ENABLE_OBJC_WEAK = YES;
				CLANG_WARN_BLOCK_CAPTURE_AUTORELEASING = YES;
				CLANG_WARN_BOOL_CONVERSION = YES;
				CLANG_WARN_COMMA = YES;
				CLANG_WARN_CONSTANT_CONVERSION = YES;
				CLANG_WARN_DEPRECATED_OBJC_IMPLEMENTATIONS = YES;
				CLANG_WARN_DIRECT_OBJC_ISA_USAGE = YES_ERROR;
				CLANG_WARN_DOCUMENTATION_COMMENTS = YES;
				CLANG_WARN_EMPTY_BODY = YES;
				CLANG_WARN_ENUM_CONVERSION = YES;
				CLANG_WARN_INFINITE_RECURSION = YES;
				CLANG_WARN_INT_CONVERSION = YES;
				CLANG_WARN_NON_LITERAL_NULL_CONVERSION = YES;
				CLANG_WARN_OBJC_IMPLICIT_RETAIN_SELF = YES;
				CLANG_WARN_OBJC_LITERAL_CONVERSION = YES;
				CLANG_WARN_OBJC_ROOT_CLASS = YES_ERROR;
				CLANG_WARN_RANGE_LOOP_ANALYSIS = YES;
				CLANG_WARN_STRICT_PROTOTYPES = YES;
				CLANG_WARN_SUSPICIOUS_MOVE = YES;
				CLANG_WARN_UNGUARDED_AVAILABILITY = YES_AGGRESSIVE;
				CLANG_WARN_UNREACHABLE_CODE = YES;
				CLANG_WARN__DUPLICATE_METHOD_MATCH = YES;
				COPY_PHASE_STRIP = NO;
				DEBUG_INFORMATION_FORMAT = "dwarf-with-dsym";
				ENABLE_NS_ASSERTIONS = NO;
				ENABLE_STRICT_OBJC_MSGSEND = YES;
				GCC_C_LANGUAGE_STANDARD = gnu11;
				GCC_NO_COMMON_BLOCKS = YES;
				GCC_WARN_64_TO_32_BIT_CONVERSION = YES;
				GCC_WARN_ABOUT_RETURN_TYPE = YES_ERROR;
				GCC_WARN_UNDECLARED_SELECTOR = YES;
				GCC_WARN_UNINITIALIZED_AUTOS = YES_AGGRESSIVE;
				GCC_WARN_UNUSED_FUNCTION = YES;
				GCC_WARN_UNUSED_VARIABLE = YES;
				IPHONEOS_DEPLOYMENT_TARGET = 13.6;
				MTL_ENABLE_DEBUG_INFO = NO;
				MTL_FAST_MATH = YES;
				SDKROOT = iphoneos;
				SWIFT_COMPILATION_MODE = wholemodule;
				SWIFT_OPTIMIZATION_LEVEL = "-O";
				VALIDATE_PRODUCT = YES;
			};
			name = Release;
		};
		22F6540924EBF46B003CEED1 /* Debug */ = {
			isa = XCBuildConfiguration;
			buildSettings = {
				ASSETCATALOG_COMPILER_APPICON_NAME = AppIcon;
				CODE_SIGN_STYLE = Automatic;
				DEVELOPMENT_TEAM = J922U2S439;
				INFOPLIST_FILE = Weather/Info.plist;
				LD_RUNPATH_SEARCH_PATHS = (
					"$(inherited)",
					"@executable_path/Frameworks",
				);
				PRODUCT_BUNDLE_IDENTIFIER = "serhii-kopanitskyi.Weather";
				PRODUCT_NAME = "$(TARGET_NAME)";
				SWIFT_VERSION = 5.0;
				TARGETED_DEVICE_FAMILY = "1,2";
			};
			name = Debug;
		};
		22F6540A24EBF46B003CEED1 /* Release */ = {
			isa = XCBuildConfiguration;
			buildSettings = {
				ASSETCATALOG_COMPILER_APPICON_NAME = AppIcon;
				CODE_SIGN_STYLE = Automatic;
				DEVELOPMENT_TEAM = J922U2S439;
				INFOPLIST_FILE = Weather/Info.plist;
				LD_RUNPATH_SEARCH_PATHS = (
					"$(inherited)",
					"@executable_path/Frameworks",
				);
				PRODUCT_BUNDLE_IDENTIFIER = "serhii-kopanitskyi.Weather";
				PRODUCT_NAME = "$(TARGET_NAME)";
				SWIFT_VERSION = 5.0;
				TARGETED_DEVICE_FAMILY = "1,2";
			};
			name = Release;
		};
/* End XCBuildConfiguration section */

/* Begin XCConfigurationList section */
		22F653EF24EBF465003CEED1 /* Build configuration list for PBXProject "Weather" */ = {
			isa = XCConfigurationList;
			buildConfigurations = (
				22F6540624EBF46B003CEED1 /* Debug */,
				22F6540724EBF46B003CEED1 /* Release */,
			);
			defaultConfigurationIsVisible = 0;
			defaultConfigurationName = Release;
		};
		22F6540824EBF46B003CEED1 /* Build configuration list for PBXNativeTarget "Weather" */ = {
			isa = XCConfigurationList;
			buildConfigurations = (
				22F6540924EBF46B003CEED1 /* Debug */,
				22F6540A24EBF46B003CEED1 /* Release */,
			);
			defaultConfigurationIsVisible = 0;
			defaultConfigurationName = Release;
		};
/* End XCConfigurationList section */
	};
	rootObject = 22F653EC24EBF465003CEED1 /* Project object */;
}
